
Microsoft Visual Studio Solution File, Format Version 12.00
# Visual Studio Version 16
VisualStudioVersion = 16.0.30907.101
MinimumVisualStudioVersion = 10.0.40219.1
Project("{FAE04EC0-301F-11D3-BF4B-00C04F79EFBC}") = "ChainOfResponsibility", "ChainOfResponsibility\ChainOfResponsibility.csproj", "{192EB634-E358-4B2E-8D18-8C975B167E33}"
EndProject
Global
	GlobalSection(SolutionConfigurationPlatforms) = preSolution
		Debug|Any CPU = Debug|Any CPU
		Release|Any CPU = Release|Any CPU
	EndGlobalSection
	GlobalSection(ProjectConfigurationPlatforms) = postSolution
		{192EB634-E358-4B2E-8D18-8C975B167E33}.Debug|Any CPU.ActiveCfg = Debug|Any CPU
		{192EB634-E358-4B2E-8D18-8C975B167E33}.Debug|Any CPU.Build.0 = Debug|Any CPU
		{192EB634-E358-4B2E-8D18-8C975B167E33}.Release|Any CPU.ActiveCfg = Release|Any CPU
		{192EB634-E358-4B2E-8D18-8C975B167E33}.Release|Any CPU.Build.0 = Release|Any CPU
	EndGlobalSection
	GlobalSection(SolutionProperties) = preSolution
		HideSolutionNode = FALSE
	EndGlobalSection
	GlobalSection(ExtensibilityGlobals) = postSolution
		SolutionGuid = {B4D0CD21-800F-44D6-BC8F-77C51EAAC5A6}
	EndGlobalSection
EndGlobal
